
Microsoft Visual Studio Solution File, Format Version 12.00
# Visual Studio Version 16
VisualStudioVersion = 16.0.29215.179
MinimumVisualStudioVersion = 10.0.40219.1
Project("{FAE04EC0-301F-11D3-BF4B-00C04F79EFBC}") = "StudentAnhTeacher", "StudentAnhTeacher\StudentAnhTeacher.csproj", "{F8EEF5AD-ABDB-4786-8D6D-D15877FA19D1}"
EndProject
Project("{FAE04EC0-301F-11D3-BF4B-00C04F79EFBC}") = "PhotoAlbum", "..\PhotoAlbum\PhotoAlbum.csproj", "{43EF6107-F142-4502-AD93-1E9BEAAA78AA}"
EndProject
Project("{FAE04EC0-301F-11D3-BF4B-00C04F79EFBC}") = "Shapes", "..\Shapes\Shapes.csproj", "{846D1037-9457-4864-B60C-BEF772FCCA42}"
EndProject
Global
	GlobalSection(SolutionConfigurationPlatforms) = preSolution
		Debug|Any CPU = Debug|Any CPU
		Release|Any CPU = Release|Any CPU
	EndGlobalSection
	GlobalSection(ProjectConfigurationPlatforms) = postSolution
		{F8EEF5AD-ABDB-4786-8D6D-D15877FA19D1}.Debug|Any CPU.ActiveCfg = Debug|Any CPU
		{F8EEF5AD-ABDB-4786-8D6D-D15877FA19D1}.Debug|Any CPU.Build.0 = Debug|Any CPU
		{F8EEF5AD-ABDB-4786-8D6D-D15877FA19D1}.Release|Any CPU.ActiveCfg = Release|Any CPU
		{F8EEF5AD-ABDB-4786-8D6D-D15877FA19D1}.Release|Any CPU.Build.0 = Release|Any CPU
		{43EF6107-F142-4502-AD93-1E9BEAAA78AA}.Debug|Any CPU.ActiveCfg = Debug|Any CPU
		{43EF6107-F142-4502-AD93-1E9BEAAA78AA}.Debug|Any CPU.Build.0 = Debug|Any CPU
		{43EF6107-F142-4502-AD93-1E9BEAAA78AA}.Release|Any CPU.ActiveCfg = Release|Any CPU
		{43EF6107-F142-4502-AD93-1E9BEAAA78AA}.Release|Any CPU.Build.0 = Release|Any CPU
		{846D1037-9457-4864-B60C-BEF772FCCA42}.Debug|Any CPU.ActiveCfg = Debug|Any CPU
		{846D1037-9457-4864-B60C-BEF772FCCA42}.Debug|Any CPU.Build.0 = Debug|Any CPU
		{846D1037-9457-4864-B60C-BEF772FCCA42}.Release|Any CPU.ActiveCfg = Release|Any CPU
		{846D1037-9457-4864-B60C-BEF772FCCA42}.Release|Any CPU.Build.0 = Release|Any CPU
	EndGlobalSection
	GlobalSection(SolutionProperties) = preSolution
		HideSolutionNode = FALSE
	EndGlobalSection
	GlobalSection(ExtensibilityGlobals) = postSolution
		SolutionGuid = {90BC84C3-CEFD-4019-AB8F-A725DE3CDA69}
	EndGlobalSection
EndGlobal
